
Microsoft Visual Studio Solution File, Format Version 12.00
# Visual Studio Version 16
VisualStudioVersion = 16.0.29926.136
MinimumVisualStudioVersion = 10.0.40219.1
Project("{FAE04EC0-301F-11D3-BF4B-00C04F79EFBC}") = "Ćwiczenia12", "Ćwiczenia12.csproj", "{67474C87-0E1C-4BE7-AD8B-DB0AD25D428C}"
EndProject
Global
	GlobalSection(SolutionConfigurationPlatforms) = preSolution
		Debug|Any CPU = Debug|Any CPU
		Release|Any CPU = Release|Any CPU
	EndGlobalSection
	GlobalSection(ProjectConfigurationPlatforms) = postSolution
		{67474C87-0E1C-4BE7-AD8B-DB0AD25D428C}.Debug|Any CPU.ActiveCfg = Debug|Any CPU
		{67474C87-0E1C-4BE7-AD8B-DB0AD25D428C}.Debug|Any CPU.Build.0 = Debug|Any CPU
		{67474C87-0E1C-4BE7-AD8B-DB0AD25D428C}.Release|Any CPU.ActiveCfg = Release|Any CPU
		{67474C87-0E1C-4BE7-AD8B-DB0AD25D428C}.Release|Any CPU.Build.0 = Release|Any CPU
	EndGlobalSection
	GlobalSection(SolutionProperties) = preSolution
		HideSolutionNode = FALSE
	EndGlobalSection
	GlobalSection(ExtensibilityGlobals) = postSolution
		SolutionGuid = {102CF818-3ED3-4DEC-B341-A59C6688EE2C}
	EndGlobalSection
EndGlobal
